
Microsoft Visual Studio Solution File, Format Version 12.00
# Visual Studio Version 17
VisualStudioVersion = 17.5.002.0
MinimumVisualStudioVersion = 10.0.40219.1
Project("{2150E333-8FDC-42A3-9474-1A3956D46DE8}") = "csharp-prep", "csharp-prep", "{AD6D6726-45B0-4F73-BCCA-3C54FC6DE1EE}"
EndProject
Project("{9A19103F-16F7-4668-BE54-9A1E7A4F7556}") = "Prep1", "csharp-prep\Prep1\Prep1.csproj", "{7F3A08F7-5F02-42DA-B9E9-456EB3C6F489}"
EndProject
Project("{9A19103F-16F7-4668-BE54-9A1E7A4F7556}") = "Prep2", "csharp-prep\Prep2\Prep2.csproj", "{8147C52C-C0E7-4C24-9305-30402D2AFAE5}"
EndProject
Project("{9A19103F-16F7-4668-BE54-9A1E7A4F7556}") = "Prep3", "csharp-prep\Prep3\Prep3.csproj", "{FCCE7C5D-A008-497A-BD8E-8EF1C79423B3}"
EndProject
Project("{9A19103F-16F7-4668-BE54-9A1E7A4F7556}") = "Prep4", "csharp-prep\Prep4\Prep4.csproj", "{2012420B-2D19-4C17-ABE9-0A840DD259E4}"
EndProject
Project("{9A19103F-16F7-4668-BE54-9A1E7A4F7556}") = "Prep5", "csharp-prep\Prep5\Prep5.csproj", "{C2EF172C-086A-4CED-B019-9158B3121003}"
EndProject
Project("{2150E333-8FDC-42A3-9474-1A3956D46DE8}") = "final", "final", "{0567B557-8F8F-4F9C-8933-8F9C5AE98F81}"
EndProject
Project("{9A19103F-16F7-4668-BE54-9A1E7A4F7556}") = "FinalProject", "final\FinalProject\FinalProject.csproj", "{76AA4975-0640-4F1E-BD28-340AB3EA7F6F}"
EndProject
Project("{9A19103F-16F7-4668-BE54-9A1E7A4F7556}") = "Foundation1", "final\Foundation1\Foundation1.csproj", "{F3658E13-26AA-479D-8854-19A4359A5DD8}"
EndProject
Project("{9A19103F-16F7-4668-BE54-9A1E7A4F7556}") = "Foundation2", "final\Foundation2\Foundation2.csproj", "{0C8EAA55-72E1-4527-877C-472BB38F7E3C}"
EndProject
Project("{9A19103F-16F7-4668-BE54-9A1E7A4F7556}") = "Foundation3", "final\Foundation3\Foundation3.csproj", "{FD5D914D-3F54-4806-92D9-FBD811A23BDD}"
EndProject
Project("{9A19103F-16F7-4668-BE54-9A1E7A4F7556}") = "Foundation4", "final\Foundation4\Foundation4.csproj", "{F1D7B081-D1FF-4F60-8DDA-4E66112106E7}"
EndProject
Project("{2150E333-8FDC-42A3-9474-1A3956D46DE8}") = "prepare", "prepare", "{0524AC1B-632C-4E84-8EBC-536C52EF4F67}"
EndProject
Project("{9A19103F-16F7-4668-BE54-9A1E7A4F7556}") = "Learning02", "prepare\Learning02\Learning02.csproj", "{2668A37B-EA4F-4FDF-B8CB-DB6BDD1FDDB2}"
EndProject
Project("{9A19103F-16F7-4668-BE54-9A1E7A4F7556}") = "Learning03", "prepare\Learning03\Learning03.csproj", "{4C64B3BE-8399-4086-956E-1F2E4EB94998}"
EndProject
Project("{9A19103F-16F7-4668-BE54-9A1E7A4F7556}") = "Learning04", "prepare\Learning04\Learning04.csproj", "{3C68C9CF-33E2-44F4-B65C-35143BE93BD4}"
EndProject
Project("{9A19103F-16F7-4668-BE54-9A1E7A4F7556}") = "Learning05", "prepare\Learning05\Learning05.csproj", "{EB4FA43B-1175-4BA1-91A3-990F80CA0B7B}"
EndProject
Project("{2150E333-8FDC-42A3-9474-1A3956D46DE8}") = "prove", "prove", "{86E23ED7-3D4F-4A4B-A82A-ED0D8030A022}"
EndProject
Project("{9A19103F-16F7-4668-BE54-9A1E7A4F7556}") = "Develop02", "prove\Develop02\Develop02.csproj", "{1246F032-E66E-4C97-8804-CA67895BB5BA}"
EndProject
Project("{9A19103F-16F7-4668-BE54-9A1E7A4F7556}") = "Develop03", "prove\Develop03\Develop03.csproj", "{BA4A1362-1342-4A80-A517-6133B4597473}"
EndProject
Project("{9A19103F-16F7-4668-BE54-9A1E7A4F7556}") = "Develop04", "prove\Develop04\Develop04.csproj", "{E078AB92-576C-4A37-A55F-7988AC989FAF}"
EndProject
Project("{9A19103F-16F7-4668-BE54-9A1E7A4F7556}") = "Develop05", "prove\Develop05\Develop05.csproj", "{FC360381-C63D-4097-99DF-4B0BE5A9BD87}"
EndProject
Project("{2150E333-8FDC-42A3-9474-1A3956D46DE8}") = "sandbox", "sandbox", "{7C816215-B2B9-4F13-A112-5BC3663F1C6F}"
EndProject
Project("{9A19103F-16F7-4668-BE54-9A1E7A4F7556}") = "Sandbox", "sandbox\Sandbox\Sandbox.csproj", "{EA66B115-3880-4C85-8FD2-7FF4E5299058}"
EndProject
Global
	GlobalSection(SolutionConfigurationPlatforms) = preSolution
		Debug|Any CPU = Debug|Any CPU
		Release|Any CPU = Release|Any CPU
	EndGlobalSection
	GlobalSection(ProjectConfigurationPlatforms) = postSolution
		{7F3A08F7-5F02-42DA-B9E9-456EB3C6F489}.Debug|Any CPU.ActiveCfg = Debug|Any CPU
		{7F3A08F7-5F02-42DA-B9E9-456EB3C6F489}.Debug|Any CPU.Build.0 = Debug|Any CPU
		{7F3A08F7-5F02-42DA-B9E9-456EB3C6F489}.Release|Any CPU.ActiveCfg = Release|Any CPU
		{7F3A08F7-5F02-42DA-B9E9-456EB3C6F489}.Release|Any CPU.Build.0 = Release|Any CPU
		{8147C52C-C0E7-4C24-9305-30402D2AFAE5}.Debug|Any CPU.ActiveCfg = Debug|Any CPU
		{8147C52C-C0E7-4C24-9305-30402D2AFAE5}.Debug|Any CPU.Build.0 = Debug|Any CPU
		{8147C52C-C0E7-4C24-9305-30402D2AFAE5}.Release|Any CPU.ActiveCfg = Release|Any CPU
		{8147C52C-C0E7-4C24-9305-30402D2AFAE5}.Release|Any CPU.Build.0 = Release|Any CPU
		{FCCE7C5D-A008-497A-BD8E-8EF1C79423B3}.Debug|Any CPU.ActiveCfg = Debug|Any CPU
		{FCCE7C5D-A008-497A-BD8E-8EF1C79423B3}.Debug|Any CPU.Build.0 = Debug|Any CPU
		{FCCE7C5D-A008-497A-BD8E-8EF1C79423B3}.Release|Any CPU.ActiveCfg = Release|Any CPU
		{FCCE7C5D-A008-497A-BD8E-8EF1C79423B3}.Release|Any CPU.Build.0 = Release|Any CPU
		{2012420B-2D19-4C17-ABE9-0A840DD259E4}.Debug|Any CPU.ActiveCfg = Debug|Any CPU
		{2012420B-2D19-4C17-ABE9-0A840DD259E4}.Debug|Any CPU.Build.0 = Debug|Any CPU
		{2012420B-2D19-4C17-ABE9-0A840DD259E4}.Release|Any CPU.ActiveCfg = Release|Any CPU
		{2012420B-2D19-4C17-ABE9-0A840DD259E4}.Release|Any CPU.Build.0 = Release|Any CPU
		{C2EF172C-086A-4CED-B019-9158B3121003}.Debug|Any CPU.ActiveCfg = Debug|Any CPU
		{C2EF172C-086A-4CED-B019-9158B3121003}.Debug|Any CPU.Build.0 = Debug|Any CPU
		{C2EF172C-086A-4CED-B019-9158B3121003}.Release|Any CPU.ActiveCfg = Release|Any CPU
		{C2EF172C-086A-4CED-B019-9158B3121003}.Release|Any CPU.Build.0 = Release|Any CPU
		{76AA4975-0640-4F1E-BD28-340AB3EA7F6F}.Debug|Any CPU.ActiveCfg = Debug|Any CPU
		{76AA4975-0640-4F1E-BD28-340AB3EA7F6F}.Debug|Any CPU.Build.0 = Debug|Any CPU
		{76AA4975-0640-4F1E-BD28-340AB3EA7F6F}.Release|Any CPU.ActiveCfg = Release|Any CPU
		{76AA4975-0640-4F1E-BD28-340AB3EA7F6F}.Release|Any CPU.Build.0 = Release|Any CPU
		{F3658E13-26AA-479D-8854-19A4359A5DD8}.Debug|Any CPU.ActiveCfg = Debug|Any CPU
		{F3658E13-26AA-479D-8854-19A4359A5DD8}.Debug|Any CPU.Build.0 = Debug|Any CPU
		{F3658E13-26AA-479D-8854-19A4359A5DD8}.Release|Any CPU.ActiveCfg = Release|Any CPU
		{F3658E13-26AA-479D-8854-19A4359A5DD8}.Release|Any CPU.Build.0 = Release|Any CPU
		{0C8EAA55-72E1-4527-877C-472BB38F7E3C}.Debug|Any CPU.ActiveCfg = Debug|Any CPU
		{0C8EAA55-72E1-4527-877C-472BB38F7E3C}.Debug|Any CPU.Build.0 = Debug|Any CPU
		{0C8EAA55-72E1-4527-877C-472BB38F7E3C}.Release|Any CPU.ActiveCfg = Release|Any CPU
		{0C8EAA55-72E1-4527-877C-472BB38F7E3C}.Release|Any CPU.Build.0 = Release|Any CPU
		{FD5D914D-3F54-4806-92D9-FBD811A23BDD}.Debug|Any CPU.ActiveCfg = Debug|Any CPU
		{FD5D914D-3F54-4806-92D9-FBD811A23BDD}.Debug|Any CPU.Build.0 = Debug|Any CPU
		{FD5D914D-3F54-4806-92D9-FBD811A23BDD}.Release|Any CPU.ActiveCfg = Release|Any CPU
		{FD5D914D-3F54-4806-92D9-FBD811A23BDD}.Release|Any CPU.Build.0 = Release|Any CPU
		{F1D7B081-D1FF-4F60-8DDA-4E66112106E7}.Debug|Any CPU.ActiveCfg = Debug|Any CPU
		{F1D7B081-D1FF-4F60-8DDA-4E66112106E7}.Debug|Any CPU.Build.0 = Debug|Any CPU
		{F1D7B081-D1FF-4F60-8DDA-4E66112106E7}.Release|Any CPU.ActiveCfg = Release|Any CPU
		{F1D7B081-D1FF-4F60-8DDA-4E66112106E7}.Release|Any CPU.Build.0 = Release|Any CPU
		{2668A37B-EA4F-4FDF-B8CB-DB6BDD1FDDB2}.Debug|Any CPU.ActiveCfg = Debug|Any CPU
		{2668A37B-EA4F-4FDF-B8CB-DB6BDD1FDDB2}.Debug|Any CPU.Build.0 = Debug|Any CPU
		{2668A37B-EA4F-4FDF-B8CB-DB6BDD1FDDB2}.Release|Any CPU.ActiveCfg = Release|Any CPU
		{2668A37B-EA4F-4FDF-B8CB-DB6BDD1FDDB2}.Release|Any CPU.Build.0 = Release|Any CPU
		{4C64B3BE-8399-4086-956E-1F2E4EB94998}.Debug|Any CPU.ActiveCfg = Debug|Any CPU
		{4C64B3BE-8399-4086-956E-1F2E4EB94998}.Debug|Any CPU.Build.0 = Debug|Any CPU
		{4C64B3BE-8399-4086-956E-1F2E4EB94998}.Release|Any CPU.ActiveCfg = Release|Any CPU
		{4C64B3BE-8399-4086-956E-1F2E4EB94998}.Release|Any CPU.Build.0 = Release|Any CPU
		{3C68C9CF-33E2-44F4-B65C-35143BE93BD4}.Debug|Any CPU.ActiveCfg = Debug|Any CPU
		{3C68C9CF-33E2-44F4-B65C-35143BE93BD4}.Debug|Any CPU.Build.0 = Debug|Any CPU
		{3C68C9CF-33E2-44F4-B65C-35143BE93BD4}.Release|Any CPU.ActiveCfg = Release|Any CPU
		{3C68C9CF-33E2-44F4-B65C-35143BE93BD4}.Release|Any CPU.Build.0 = Release|Any CPU
		{EB4FA43B-1175-4BA1-91A3-990F80CA0B7B}.Debug|Any CPU.ActiveCfg = Debug|Any CPU
		{EB4FA43B-1175-4BA1-91A3-990F80CA0B7B}.Debug|Any CPU.Build.0 = Debug|Any CPU
		{EB4FA43B-1175-4BA1-91A3-990F80CA0B7B}.Release|Any CPU.ActiveCfg = Release|Any CPU
		{EB4FA43B-1175-4BA1-91A3-990F80CA0B7B}.Release|Any CPU.Build.0 = Release|Any CPU
		{1246F032-E66E-4C97-8804-CA67895BB5BA}.Debug|Any CPU.ActiveCfg = Debug|Any CPU
		{1246F032-E66E-4C97-8804-CA67895BB5BA}.Debug|Any CPU.Build.0 = Debug|Any CPU
		{1246F032-E66E-4C97-8804-CA67895BB5BA}.Release|Any CPU.ActiveCfg = Release|Any CPU
		{1246F032-E66E-4C97-8804-CA67895BB5BA}.Release|Any CPU.Build.0 = Release|Any CPU
		{BA4A1362-1342-4A80-A517-6133B4597473}.Debug|Any CPU.ActiveCfg = Debug|Any CPU
		{BA4A1362-1342-4A80-A517-6133B4597473}.Debug|Any CPU.Build.0 = Debug|Any CPU
		{BA4A1362-1342-4A80-A517-6133B4597473}.Release|Any CPU.ActiveCfg = Release|Any CPU
		{BA4A1362-1342-4A80-A517-6133B4597473}.Release|Any CPU.Build.0 = Release|Any CPU
		{E078AB92-576C-4A37-A55F-7988AC989FAF}.Debug|Any CPU.ActiveCfg = Debug|Any CPU
		{E078AB92-576C-4A37-A55F-7988AC989FAF}.Debug|Any CPU.Build.0 = Debug|Any CPU
		{E078AB92-576C-4A37-A55F-7988AC989FAF}.Release|Any CPU.ActiveCfg = Release|Any CPU
		{E078AB92-576C-4A37-A55F-7988AC989FAF}.Release|Any CPU.Build.0 = Release|Any CPU
		{FC360381-C63D-4097-99DF-4B0BE5A9BD87}.Debug|Any CPU.ActiveCfg = Debug|Any CPU
		{FC360381-C63D-4097-99DF-4B0BE5A9BD87}.Debug|Any CPU.Build.0 = Debug|Any CPU
		{FC360381-C63D-4097-99DF-4B0BE5A9BD87}.Release|Any CPU.ActiveCfg = Release|Any CPU
		{FC360381-C63D-4097-99DF-4B0BE5A9BD87}.Release|Any CPU.Build.0 = Release|Any CPU
		{EA66B115-3880-4C85-8FD2-7FF4E5299058}.Debug|Any CPU.ActiveCfg = Debug|Any CPU
		{EA66B115-3880-4C85-8FD2-7FF4E5299058}.Debug|Any CPU.Build.0 = Debug|Any CPU
		{EA66B115-3880-4C85-8FD2-7FF4E5299058}.Release|Any CPU.ActiveCfg = Release|Any CPU
		{EA66B115-3880-4C85-8FD2-7FF4E5299058}.Release|Any CPU.Build.0 = Release|Any CPU
	EndGlobalSection
	GlobalSection(SolutionProperties) = preSolution
		HideSolutionNode = FALSE
	EndGlobalSection
	GlobalSection(NestedProjects) = preSolution
		{7F3A08F7-5F02-42DA-B9E9-456EB3C6F489} = {AD6D6726-45B0-4F73-BCCA-3C54FC6DE1EE}
		{8147C52C-C0E7-4C24-9305-30402D2AFAE5} = {AD6D6726-45B0-4F73-BCCA-3C54FC6DE1EE}
		{FCCE7C5D-A008-497A-BD8E-8EF1C79423B3} = {AD6D6726-45B0-4F73-BCCA-3C54FC6DE1EE}
		{2012420B-2D19-4C17-ABE9-0A840DD259E4} = {AD6D6726-45B0-4F73-BCCA-3C54FC6DE1EE}
		{C2EF172C-086A-4CED-B019-9158B3121003} = {AD6D6726-45B0-4F73-BCCA-3C54FC6DE1EE}
		{76AA4975-0640-4F1E-BD28-340AB3EA7F6F} = {0567B557-8F8F-4F9C-8933-8F9C5AE98F81}
		{F3658E13-26AA-479D-8854-19A4359A5DD8} = {0567B557-8F8F-4F9C-8933-8F9C5AE98F81}
		{0C8EAA55-72E1-4527-877C-472BB38F7E3C} = {0567B557-8F8F-4F9C-8933-8F9C5AE98F81}
		{FD5D914D-3F54-4806-92D9-FBD811A23BDD} = {0567B557-8F8F-4F9C-8933-8F9C5AE98F81}
		{F1D7B081-D1FF-4F60-8DDA-4E66112106E7} = {0567B557-8F8F-4F9C-8933-8F9C5AE98F81}
		{2668A37B-EA4F-4FDF-B8CB-DB6BDD1FDDB2} = {0524AC1B-632C-4E84-8EBC-536C52EF4F67}
		{4C64B3BE-8399-4086-956E-1F2E4EB94998} = {0524AC1B-632C-4E84-8EBC-536C52EF4F67}
		{3C68C9CF-33E2-44F4-B65C-35143BE93BD4} = {0524AC1B-632C-4E84-8EBC-536C52EF4F67}
		{EB4FA43B-1175-4BA1-91A3-990F80CA0B7B} = {0524AC1B-632C-4E84-8EBC-536C52EF4F67}
		{1246F032-E66E-4C97-8804-CA67895BB5BA} = {86E23ED7-3D4F-4A4B-A82A-ED0D8030A022}
		{BA4A1362-1342-4A80-A517-6133B4597473} = {86E23ED7-3D4F-4A4B-A82A-ED0D8030A022}
		{E078AB92-576C-4A37-A55F-7988AC989FAF} = {86E23ED7-3D4F-4A4B-A82A-ED0D8030A022}
		{FC360381-C63D-4097-99DF-4B0BE5A9BD87} = {86E23ED7-3D4F-4A4B-A82A-ED0D8030A022}
		{EA66B115-3880-4C85-8FD2-7FF4E5299058} = {7C816215-B2B9-4F13-A112-5BC3663F1C6F}
	EndGlobalSection
	GlobalSection(ExtensibilityGlobals) = postSolution
		SolutionGuid = {1F6F4B1D-BAEE-4EA0-9C8C-72C7463A7B94}
	EndGlobalSection
EndGlobal
